
Microsoft Visual Studio Solution File, Format Version 12.00
# Visual Studio Version 16
VisualStudioVersion = 16.0.31019.35
MinimumVisualStudioVersion = 10.0.40219.1
Project("{FAE04EC0-301F-11D3-BF4B-00C04F79EFBC}") = "WeatherClientNetCore", "WeatherClientNetCore\WeatherClientNetCore.csproj", "{CE685E48-77FE-4AC4-8B81-4BDC22D81BDC}"
EndProject
Global
	GlobalSection(SolutionConfigurationPlatforms) = preSolution
		Debug|Any CPU = Debug|Any CPU
		Release|Any CPU = Release|Any CPU
	EndGlobalSection
	GlobalSection(ProjectConfigurationPlatforms) = postSolution
		{CE685E48-77FE-4AC4-8B81-4BDC22D81BDC}.Debug|Any CPU.ActiveCfg = Debug|Any CPU
		{CE685E48-77FE-4AC4-8B81-4BDC22D81BDC}.Debug|Any CPU.Build.0 = Debug|Any CPU
		{CE685E48-77FE-4AC4-8B81-4BDC22D81BDC}.Release|Any CPU.ActiveCfg = Release|Any CPU
		{CE685E48-77FE-4AC4-8B81-4BDC22D81BDC}.Release|Any CPU.Build.0 = Release|Any CPU
	EndGlobalSection
	GlobalSection(SolutionProperties) = preSolution
		HideSolutionNode = FALSE
	EndGlobalSection
	GlobalSection(ExtensibilityGlobals) = postSolution
		SolutionGuid = {037FA138-A61E-4B70-85AD-8B2020F2164A}
	EndGlobalSection
EndGlobal
